
Microsoft Visual Studio Solution File, Format Version 12.00
# Visual Studio 14
VisualStudioVersion = 14.0.25420.1
MinimumVisualStudioVersion = 10.0.40219.1
Project("{FAE04EC0-301F-11D3-BF4B-00C04F79EFBC}") = "Speech", "Speech\Speech.csproj", "{13C5F3D3-4C42-418A-9ECD-A6646AF1CFB9}"
EndProject
Global
	GlobalSection(SolutionConfigurationPlatforms) = preSolution
		Debug|Any CPU = Debug|Any CPU
		Release|Any CPU = Release|Any CPU
	EndGlobalSection
	GlobalSection(ProjectConfigurationPlatforms) = postSolution
		{13C5F3D3-4C42-418A-9ECD-A6646AF1CFB9}.Debug|Any CPU.ActiveCfg = Debug|Any CPU
		{13C5F3D3-4C42-418A-9ECD-A6646AF1CFB9}.Debug|Any CPU.Build.0 = Debug|Any CPU
		{13C5F3D3-4C42-418A-9ECD-A6646AF1CFB9}.Release|Any CPU.ActiveCfg = Release|Any CPU
		{13C5F3D3-4C42-418A-9ECD-A6646AF1CFB9}.Release|Any CPU.Build.0 = Release|Any CPU
	EndGlobalSection
	GlobalSection(SolutionProperties) = preSolution
		HideSolutionNode = FALSE
	EndGlobalSection
EndGlobal
